// !$*UTF8*$!
{
	archiveVersion = 1;
	classes = {
	};
	objectVersion = 50;
	objects = {

/* Begin PBXBuildFile section */
		9FD199EA2118461900B5A458 /* AppDelegate.swift in Sources */ = {isa = PBXBuildFile; fileRef = 9FD199E92118461900B5A458 /* AppDelegate.swift */; };
		9FD199EC2118461900B5A458 /* ViewController.swift in Sources */ = {isa = PBXBuildFile; fileRef = 9FD199EB2118461900B5A458 /* ViewController.swift */; };
		9FD199EF2118461900B5A458 /* Main.storyboard in Resources */ = {isa = PBXBuildFile; fileRef = 9FD199ED2118461900B5A458 /* Main.storyboard */; };
		9FD199F12118461B00B5A458 /* Assets.xcassets in Resources */ = {isa = PBXBuildFile; fileRef = 9FD199F02118461B00B5A458 /* Assets.xcassets */; };
		9FD199F42118461B00B5A458 /* LaunchScreen.storyboard in Resources */ = {isa = PBXBuildFile; fileRef = 9FD199F22118461B00B5A458 /* LaunchScreen.storyboard */; };
		9FD199FF2118469800B5A458 /* MoneyModel.swift in Sources */ = {isa = PBXBuildFile; fileRef = 9FD199FE2118469800B5A458 /* MoneyModel.swift */; };
/* End PBXBuildFile section */

/* Begin PBXFileReference section */
		9FD199E62118461900B5A458 /* MVCApp.app */ = {isa = PBXFileReference; explicitFileType = wrapper.application; includeInIndex = 0; path = MVCApp.app; sourceTree = BUILT_PRODUCTS_DIR; };
		9FD199E92118461900B5A458 /* AppDelegate.swift */ = {isa = PBXFileReference; lastKnownFileType = sourcecode.swift; path = AppDelegate.swift; sourceTree = "<group>"; };
		9FD199EB2118461900B5A458 /* ViewController.swift */ = {isa = PBXFileReference; lastKnownFileType = sourcecode.swift; path = ViewController.swift; sourceTree = "<group>"; };
		9FD199EE2118461900B5A458 /* Base */ = {isa = PBXFileReference; lastKnownFileType = file.storyboard; name = Base; path = Base.lproj/Main.storyboard; sourceTree = "<group>"; };
		9FD199F02118461B00B5A458 /* Assets.xcassets */ = {isa = PBXFileReference; lastKnownFileType = folder.assetcatalog; path = Assets.xcassets; sourceTree = "<group>"; };
		9FD199F32118461B00B5A458 /* Base */ = {isa = PBXFileReference; lastKnownFileType = file.storyboard; name = Base; path = Base.lproj/LaunchScreen.storyboard; sourceTree = "<group>"; };
		9FD199F52118461B00B5A458 /* Info.plist */ = {isa = PBXFileReference; lastKnownFileType = text.plist.xml; path = Info.plist; sourceTree = "<group>"; };
		9FD199FE2118469800B5A458 /* MoneyModel.swift */ = {isa = PBXFileReference; lastKnownFileType = sourcecode.swift; path = MoneyModel.swift; sourceTree = "<group>"; };
/* End PBXFileReference section */

/* Begin PBXFrameworksBuildPhase section */
		9FD199E32118461900B5A458 /* Frameworks */ = {
			isa = PBXFrameworksBuildPhase;
			buildActionMask = 2147483647;
			files = (
			);
			runOnlyForDeploymentPostprocessing = 0;
		};
/* End PBXFrameworksBuildPhase section */

/* Begin PBXGroup section */
		9FD199DD2118461900B5A458 = {
			isa = PBXGroup;
			children = (
				9FD199E82118461900B5A458 /* MVCApp */,
				9FD199E72118461900B5A458 /* Products */,
			);
			sourceTree = "<group>";
		};
		9FD199E72118461900B5A458 /* Products */ = {
			isa = PBXGroup;
			children = (
				9FD199E62118461900B5A458 /* MVCApp.app */,
			);
			name = Products;
			sourceTree = "<group>";
		};
		9FD199E82118461900B5A458 /* MVCApp */ = {
			isa = PBXGroup;
			children = (
				9FD199FD2118463600B5A458 /* Controller */,
				9FD199FC2118462F00B5A458 /* View */,
				9FD199FB2118462500B5A458 /* Model */,
				9FD199E92118461900B5A458 /* AppDelegate.swift */,
				9FD199F02118461B00B5A458 /* Assets.xcassets */,
				9FD199F22118461B00B5A458 /* LaunchScreen.storyboard */,
				9FD199F52118461B00B5A458 /* Info.plist */,
			);
			path = MVCApp;
			sourceTree = "<group>";
		};
		9FD199FB2118462500B5A458 /* Model */ = {
			isa = PBXGroup;
			children = (
				9FD199FE2118469800B5A458 /* MoneyModel.swift */,
			);
			path = Model;
			sourceTree = "<group>";
		};
		9FD199FC2118462F00B5A458 /* View */ = {
			isa = PBXGroup;
			children = (
				9FD199EB2118461900B5A458 /* ViewController.swift */,
			);
			path = View;
			sourceTree = "<group>";
		};
		9FD199FD2118463600B5A458 /* Controller */ = {
			isa = PBXGroup;
			children = (
				9FD199ED2118461900B5A458 /* Main.storyboard */,
			);
			path = Controller;
			sourceTree = "<group>";
		};
/* End PBXGroup section */

/* Begin PBXNativeTarget section */
		9FD199E52118461900B5A458 /* MVCApp */ = {
			isa = PBXNativeTarget;
			buildConfigurationList = 9FD199F82118461B00B5A458 /* Build configuration list for PBXNativeTarget "MVCApp" */;
			buildPhases = (
				9FD199E22118461900B5A458 /* Sources */,
				9FD199E32118461900B5A458 /* Frameworks */,
				9FD199E42118461900B5A458 /* Resources */,
			);
			buildRules = (
			);
			dependencies = (
			);
			name = MVCApp;
			productName = MVCApp;
			productReference = 9FD199E62118461900B5A458 /* MVCApp.app */;
			productType = "com.apple.product-type.application";
		};
/* End PBXNativeTarget section */

/* Begin PBXProject section */
		9FD199DE2118461900B5A458 /* Project object */ = {
			isa = PBXProject;
			attributes = {
				LastSwiftUpdateCheck = 0940;
				LastUpgradeCheck = 0940;
				ORGANIZATIONNAME = "Halil Özel";
				TargetAttributes = {
					9FD199E52118461900B5A458 = {
						CreatedOnToolsVersion = 9.4.1;
					};
				};
			};
			buildConfigurationList = 9FD199E12118461900B5A458 /* Build configuration list for PBXProject "MVCApp" */;
			compatibilityVersion = "Xcode 9.3";
			developmentRegion = en;
			hasScannedForEncodings = 0;
			knownRegions = (
				en,
				Base,
			);
			mainGroup = 9FD199DD2118461900B5A458;
			productRefGroup = 9FD199E72118461900B5A458 /* Products */;
			projectDirPath = "";
			projectRoot = "";
			targets = (
				9FD199E52118461900B5A458 /* MVCApp */,
			);
		};
/* End PBXProject section */

/* Begin PBXResourcesBuildPhase section */
		9FD199E42118461900B5A458 /* Resources */ = {
			isa = PBXResourcesBuildPhase;
			buildActionMask = 2147483647;
			files = (
				9FD199F42118461B00B5A458 /* LaunchScreen.storyboard in Resources */,
				9FD199F12118461B00B5A458 /* Assets.xcassets in Resources */,
				9FD199EF2118461900B5A458 /* Main.storyboard in Resources */,
			);
			runOnlyForDeploymentPostprocessing = 0;
		};
/* End PBXResourcesBuildPhase section */

/* Begin PBXSourcesBuildPhase section */
		9FD199E22118461900B5A458 /* Sources */ = {
			isa = PBXSourcesBuildPhase;
			buildActionMask = 2147483647;
			files = (
				9FD199FF2118469800B5A458 /* MoneyModel.swift in Sources */,
				9FD199EC2118461900B5A458 /* ViewController.swift in Sources */,
				9FD199EA2118461900B5A458 /* AppDelegate.swift in Sources */,
			);
			runOnlyForDeploymentPostprocessing = 0;
		};
/* End PBXSourcesBuildPhase section */

/* Begin PBXVariantGroup section */
		9FD199ED2118461900B5A458 /* Main.storyboard */ = {
			isa = PBXVariantGroup;
			children = (
				9FD199EE2118461900B5A458 /* Base */,
			);
			name = Main.storyboard;
			sourceTree = "<group>";
		};
		9FD199F22118461B00B5A458 /* LaunchScreen.storyboard */ = {
			isa = PBXVariantGroup;
			children = (
				9FD199F32118461B00B5A458 /* Base */,
			);
			name = LaunchScreen.storyboard;
			sourceTree = "<group>";
		};
/* End PBXVariantGroup section */

/* Begin XCBuildConfiguration section */
		9FD199F62118461B00B5A458 /* Debug */ = {
			isa = XCBuildConfiguration;
			buildSettings = {
				ALWAYS_SEARCH_USER_PATHS = NO;
				CLANG_ANALYZER_NONNULL = YES;
				CLANG_ANALYZER_NUMBER_OBJECT_CONVERSION = YES_AGGRESSIVE;
				CLANG_CXX_LANGUAGE_STANDARD = "gnu++14";
				CLANG_CXX_LIBRARY = "libc++";
				CLANG_ENABLE_MODULES = YES;
				CLANG_ENABLE_OBJC_ARC = YES;
				CLANG_ENABLE_OBJC_WEAK = YES;
				CLANG_WARN_BLOCK_CAPTURE_AUTORELEASING = YES;
				CLANG_WARN_BOOL_CONVERSION = YES;
				CLANG_WARN_COMMA = YES;
				CLANG_WARN_CONSTANT_CONVERSION = YES;
				CLANG_WARN_DEPRECATED_OBJC_IMPLEMENTATIONS = YES;
				CLANG_WARN_DIRECT_OBJC_ISA_USAGE = YES_ERROR;
				CLANG_WARN_DOCUMENTATION_COMMENTS = YES;
				CLANG_WARN_EMPTY_BODY = YES;
				CLANG_WARN_ENUM_CONVERSION = YES;
				CLANG_WARN_INFINITE_RECURSION = YES;
				CLANG_WARN_INT_CONVERSION = YES;
				CLANG_WARN_NON_LITERAL_NULL_CONVERSION = YES;
				CLANG_WARN_OBJC_IMPLICIT_RETAIN_SELF = YES;
				CLANG_WARN_OBJC_LITERAL_CONVERSION = YES;
				CLANG_WARN_OBJC_ROOT_CLASS = YES_ERROR;
				CLANG_WARN_RANGE_LOOP_ANALYSIS = YES;
				CLANG_WARN_STRICT_PROTOTYPES = YES;
				CLANG_WARN_SUSPICIOUS_MOVE = YES;
				CLANG_WARN_UNGUARDED_AVAILABILITY = YES_AGGRESSIVE;
				CLANG_WARN_UNREACHABLE_CODE = YES;
				CLANG_WARN__DUPLICATE_METHOD_MATCH = YES;
				CODE_SIGN_IDENTITY = "iPhone Developer";
				COPY_PHASE_STRIP = NO;
				DEBUG_INFORMATION_FORMAT = dwarf;
				ENABLE_STRICT_OBJC_MSGSEND = YES;
				ENABLE_TESTABILITY = YES;
				GCC_C_LANGUAGE_STANDARD = gnu11;
				GCC_DYNAMIC_NO_PIC = NO;
				GCC_NO_COMMON_BLOCKS = YES;
				GCC_OPTIMIZATION_LEVEL = 0;
				GCC_PREPROCESSOR_DEFINITIONS = (
					"DEBUG=1",
					"$(inherited)",
				);
				GCC_WARN_64_TO_32_BIT_CONVERSION = YES;
				GCC_WARN_ABOUT_RETURN_TYPE = YES_ERROR;
				GCC_WARN_UNDECLARED_SELECTOR = YES;
				GCC_WARN_UNINITIALIZED_AUTOS = YES_AGGRESSIVE;
				GCC_WARN_UNUSED_FUNCTION = YES;
				GCC_WARN_UNUSED_VARIABLE = YES;
				IPHONEOS_DEPLOYMENT_TARGET = 11.4;
				MTL_ENABLE_DEBUG_INFO = YES;
				ONLY_ACTIVE_ARCH = YES;
				SDKROOT = iphoneos;
				SWIFT_ACTIVE_COMPILATION_CONDITIONS = DEBUG;
				SWIFT_OPTIMIZATION_LEVEL = "-Onone";
			};
			name = Debug;
		};
		9FD199F72118461B00B5A458 /* Release */ = {
			isa = XCBuildConfiguration;
			buildSettings = {
				ALWAYS_SEARCH_USER_PATHS = NO;
				CLANG_ANALYZER_NONNULL = YES;
				CLANG_ANALYZER_NUMBER_OBJECT_CONVERSION = YES_AGGRESSIVE;
				CLANG_CXX_LANGUAGE_STANDARD = "gnu++14";
				CLANG_CXX_LIBRARY = "libc++";
				CLANG_ENABLE_MODULES = YES;
				CLANG_ENABLE_OBJC_ARC = YES;
				CLANG_ENABLE_OBJC_WEAK = YES;
				CLANG_WARN_BLOCK_CAPTURE_AUTORELEASING = YES;
				CLANG_WARN_BOOL_CONVERSION = YES;
				CLANG_WARN_COMMA = YES;
				CLANG_WARN_CONSTANT_CONVERSION = YES;
				CLANG_WARN_DEPRECATED_OBJC_IMPLEMENTATIONS = YES;
				CLANG_WARN_DIRECT_OBJC_ISA_USAGE = YES_ERROR;
				CLANG_WARN_DOCUMENTATION_COMMENTS = YES;
				CLANG_WARN_EMPTY_BODY = YES;
				CLANG_WARN_ENUM_CONVERSION = YES;
				CLANG_WARN_INFINITE_RECURSION = YES;
				CLANG_WARN_INT_CONVERSION = YES;
				CLANG_WARN_NON_LITERAL_NULL_CONVERSION = YES;
				CLANG_WARN_OBJC_IMPLICIT_RETAIN_SELF = YES;
				CLANG_WARN_OBJC_LITERAL_CONVERSION = YES;
				CLANG_WARN_OBJC_ROOT_CLASS = YES_ERROR;
				CLANG_WARN_RANGE_LOOP_ANALYSIS = YES;
				CLANG_WARN_STRICT_PROTOTYPES = YES;
				CLANG_WARN_SUSPICIOUS_MOVE = YES;
				CLANG_WARN_UNGUARDED_AVAILABILITY = YES_AGGRESSIVE;
				CLANG_WARN_UNREACHABLE_CODE = YES;
				CLANG_WARN__DUPLICATE_METHOD_MATCH = YES;
				CODE_SIGN_IDENTITY = "iPhone Developer";
				COPY_PHASE_STRIP = NO;
				DEBUG_INFORMATION_FORMAT = "dwarf-with-dsym";
				ENABLE_NS_ASSERTIONS = NO;
				ENABLE_STRICT_OBJC_MSGSEND = YES;
				GCC_C_LANGUAGE_STANDARD = gnu11;
				GCC_NO_COMMON_BLOCKS = YES;
				GCC_WARN_64_TO_32_BIT_CONVERSION = YES;
				GCC_WARN_ABOUT_RETURN_TYPE = YES_ERROR;
				GCC_WARN_UNDECLARED_SELECTOR = YES;
				GCC_WARN_UNINITIALIZED_AUTOS = YES_AGGRESSIVE;
				GCC_WARN_UNUSED_FUNCTION = YES;
				GCC_WARN_UNUSED_VARIABLE = YES;
				IPHONEOS_DEPLOYMENT_TARGET = 11.4;
				MTL_ENABLE_DEBUG_INFO = NO;
				SDKROOT = iphoneos;
				SWIFT_COMPILATION_MODE = wholemodule;
				SWIFT_OPTIMIZATION_LEVEL = "-O";
				VALIDATE_PRODUCT = YES;
			};
			name = Release;
		};
		9FD199F92118461B00B5A458 /* Debug */ = {
			isa = XCBuildConfiguration;
			buildSettings = {
				ASSETCATALOG_COMPILER_APPICON_NAME = AppIcon;
				CODE_SIGN_STYLE = Automatic;
				DEVELOPMENT_TEAM = 8Q29ZWM92L;
				INFOPLIST_FILE = MVCApp/Info.plist;
				LD_RUNPATH_SEARCH_PATHS = (
					"$(inherited)",
					"@executable_path/Frameworks",
				);
				PRODUCT_BUNDLE_IDENTIFIER = com.halil.ozel.MVCApp;
				PRODUCT_NAME = "$(TARGET_NAME)";
				SWIFT_VERSION = 4.0;
				TARGETED_DEVICE_FAMILY = "1,2";
			};
			name = Debug;
		};
		9FD199FA2118461B00B5A458 /* Release */ = {
			isa = XCBuildConfiguration;
			buildSettings = {
				ASSETCATALOG_COMPILER_APPICON_NAME = AppIcon;
				CODE_SIGN_STYLE = Automatic;
				DEVELOPMENT_TEAM = 8Q29ZWM92L;
				INFOPLIST_FILE = MVCApp/Info.plist;
				LD_RUNPATH_SEARCH_PATHS = (
					"$(inherited)",
					"@executable_path/Frameworks",
				);
				PRODUCT_BUNDLE_IDENTIFIER = com.halil.ozel.MVCApp;
				PRODUCT_NAME = "$(TARGET_NAME)";
				SWIFT_VERSION = 4.0;
				TARGETED_DEVICE_FAMILY = "1,2";
			};
			name = Release;
		};
/* End XCBuildConfiguration section */

/* Begin XCConfigurationList section */
		9FD199E12118461900B5A458 /* Build configuration list for PBXProject "MVCApp" */ = {
			isa = XCConfigurationList;
			buildConfigurations = (
				9FD199F62118461B00B5A458 /* Debug */,
				9FD199F72118461B00B5A458 /* Release */,
			);
			defaultConfigurationIsVisible = 0;
			defaultConfigurationName = Release;
		};
		9FD199F82118461B00B5A458 /* Build configuration list for PBXNativeTarget "MVCApp" */ = {
			isa = XCConfigurationList;
			buildConfigurations = (
				9FD199F92118461B00B5A458 /* Debug */,
				9FD199FA2118461B00B5A458 /* Release */,
			);
			defaultConfigurationIsVisible = 0;
			defaultConfigurationName = Release;
		};
/* End XCConfigurationList section */
	};
	rootObject = 9FD199DE2118461900B5A458 /* Project object */;
}
